
Microsoft Visual Studio Solution File, Format Version 12.00
# Visual Studio Version 17
VisualStudioVersion = 17.11.35222.181
MinimumVisualStudioVersion = 10.0.40219.1
Project("{FAE04EC0-301F-11D3-BF4B-00C04F79EFBC}") = "SampleGUIAppDiIT12", "SampleGUIAppDiIT12\SampleGUIAppDiIT12.csproj", "{1035B4F0-9148-4CAC-8964-A17129081840}"
EndProject
Global
	GlobalSection(SolutionConfigurationPlatforms) = preSolution
		Debug|Any CPU = Debug|Any CPU
		Release|Any CPU = Release|Any CPU
	EndGlobalSection
	GlobalSection(ProjectConfigurationPlatforms) = postSolution
		{1035B4F0-9148-4CAC-8964-A17129081840}.Debug|Any CPU.ActiveCfg = Debug|Any CPU
		{1035B4F0-9148-4CAC-8964-A17129081840}.Debug|Any CPU.Build.0 = Debug|Any CPU
		{1035B4F0-9148-4CAC-8964-A17129081840}.Release|Any CPU.ActiveCfg = Release|Any CPU
		{1035B4F0-9148-4CAC-8964-A17129081840}.Release|Any CPU.Build.0 = Release|Any CPU
	EndGlobalSection
	GlobalSection(SolutionProperties) = preSolution
		HideSolutionNode = FALSE
	EndGlobalSection
	GlobalSection(ExtensibilityGlobals) = postSolution
		SolutionGuid = {A97BE997-69D6-4451-AE23-118A96386A67}
	EndGlobalSection
EndGlobal
